
Microsoft Visual Studio Solution File, Format Version 12.00
# Visual Studio Version 17
VisualStudioVersion = 17.0.31919.166
MinimumVisualStudioVersion = 10.0.40219.1
Project("{FAE04EC0-301F-11D3-BF4B-00C04F79EFBC}") = "Sender", "Sender\Sender.csproj", "{64B50793-BF19-4863-A3A7-9711F3C07B81}"
EndProject
Project("{FAE04EC0-301F-11D3-BF4B-00C04F79EFBC}") = "Receiver", "Receiver\Receiver.csproj", "{1B82A372-C24D-474F-9812-61F58D4D2B69}"
EndProject
Global
	GlobalSection(SolutionConfigurationPlatforms) = preSolution
		Debug|Any CPU = Debug|Any CPU
		Release|Any CPU = Release|Any CPU
	EndGlobalSection
	GlobalSection(ProjectConfigurationPlatforms) = postSolution
		{64B50793-BF19-4863-A3A7-9711F3C07B81}.Debug|Any CPU.ActiveCfg = Debug|Any CPU
		{64B50793-BF19-4863-A3A7-9711F3C07B81}.Debug|Any CPU.Build.0 = Debug|Any CPU
		{64B50793-BF19-4863-A3A7-9711F3C07B81}.Release|Any CPU.ActiveCfg = Release|Any CPU
		{64B50793-BF19-4863-A3A7-9711F3C07B81}.Release|Any CPU.Build.0 = Release|Any CPU
		{1B82A372-C24D-474F-9812-61F58D4D2B69}.Debug|Any CPU.ActiveCfg = Debug|Any CPU
		{1B82A372-C24D-474F-9812-61F58D4D2B69}.Debug|Any CPU.Build.0 = Debug|Any CPU
		{1B82A372-C24D-474F-9812-61F58D4D2B69}.Release|Any CPU.ActiveCfg = Release|Any CPU
		{1B82A372-C24D-474F-9812-61F58D4D2B69}.Release|Any CPU.Build.0 = Release|Any CPU
	EndGlobalSection
	GlobalSection(SolutionProperties) = preSolution
		HideSolutionNode = FALSE
	EndGlobalSection
	GlobalSection(ExtensibilityGlobals) = postSolution
		SolutionGuid = {828C7392-AD20-4FAC-ABA6-DABC8080FDFB}
	EndGlobalSection
EndGlobal
